
Microsoft Visual Studio Solution File, Format Version 12.00
# Visual Studio Version 16
VisualStudioVersion = 16.0.30204.135
MinimumVisualStudioVersion = 10.0.40219.1
Project("{FAE04EC0-301F-11D3-BF4B-00C04F79EFBC}") = "VectorEditor_IT3A", "VectorEditor_IT3A\VectorEditor_IT3A.csproj", "{B31046F4-BF81-4572-9905-D308C83C332B}"
EndProject
Global
	GlobalSection(SolutionConfigurationPlatforms) = preSolution
		Debug|Any CPU = Debug|Any CPU
		Release|Any CPU = Release|Any CPU
	EndGlobalSection
	GlobalSection(ProjectConfigurationPlatforms) = postSolution
		{B31046F4-BF81-4572-9905-D308C83C332B}.Debug|Any CPU.ActiveCfg = Debug|Any CPU
		{B31046F4-BF81-4572-9905-D308C83C332B}.Debug|Any CPU.Build.0 = Debug|Any CPU
		{B31046F4-BF81-4572-9905-D308C83C332B}.Release|Any CPU.ActiveCfg = Release|Any CPU
		{B31046F4-BF81-4572-9905-D308C83C332B}.Release|Any CPU.Build.0 = Release|Any CPU
	EndGlobalSection
	GlobalSection(SolutionProperties) = preSolution
		HideSolutionNode = FALSE
	EndGlobalSection
	GlobalSection(ExtensibilityGlobals) = postSolution
		SolutionGuid = {681B37AB-F12D-4C7F-BB7E-127546AFC2A9}
	EndGlobalSection
EndGlobal
